// !$*UTF8*$!
{
	archiveVersion = 1;
	classes = {
	};
	objectVersion = 56;
	objects = {

/* Begin PBXBuildFile section */
		EA3C0B092A9A4D7C00822C9A /* GalleryViewController.swift in Sources */ = {isa = PBXBuildFile; fileRef = EA3C0B072A9A4D7C00822C9A /* GalleryViewController.swift */; };
		EA3C0B0A2A9A4D7C00822C9A /* GalleryViewController.xib in Resources */ = {isa = PBXBuildFile; fileRef = EA3C0B082A9A4D7C00822C9A /* GalleryViewController.xib */; };
		EA3C0B2D2A9AAF9400822C9A /* CollectionViewCell.swift in Sources */ = {isa = PBXBuildFile; fileRef = EA3C0B2B2A9AAF9400822C9A /* CollectionViewCell.swift */; };
		EA3C0B2E2A9AAF9400822C9A /* CollectionViewCell.xib in Resources */ = {isa = PBXBuildFile; fileRef = EA3C0B2C2A9AAF9400822C9A /* CollectionViewCell.xib */; };
		EA5636982A99363E00DDCD8B /* AppDelegate.swift in Sources */ = {isa = PBXBuildFile; fileRef = EA5636972A99363E00DDCD8B /* AppDelegate.swift */; };
		EA56369A2A99363E00DDCD8B /* SceneDelegate.swift in Sources */ = {isa = PBXBuildFile; fileRef = EA5636992A99363E00DDCD8B /* SceneDelegate.swift */; };
		EA56369C2A99363E00DDCD8B /* SplashViewController.swift in Sources */ = {isa = PBXBuildFile; fileRef = EA56369B2A99363E00DDCD8B /* SplashViewController.swift */; };
		EA56369F2A99363E00DDCD8B /* Main.storyboard in Resources */ = {isa = PBXBuildFile; fileRef = EA56369D2A99363E00DDCD8B /* Main.storyboard */; };
		EA5636A12A99364000DDCD8B /* Assets.xcassets in Resources */ = {isa = PBXBuildFile; fileRef = EA5636A02A99364000DDCD8B /* Assets.xcassets */; };
		EA5636A42A99364000DDCD8B /* LaunchScreen.storyboard in Resources */ = {isa = PBXBuildFile; fileRef = EA5636A22A99364000DDCD8B /* LaunchScreen.storyboard */; };
		EA5636AF2A9937E700DDCD8B /* Lottie in Frameworks */ = {isa = PBXBuildFile; productRef = EA5636AE2A9937E600DDCD8B /* Lottie */; };
		EA5636B12A993B7400DDCD8B /* imageGallery.json in Resources */ = {isa = PBXBuildFile; fileRef = EA5636B02A993B7400DDCD8B /* imageGallery.json */; };
		EA5636B62A99412400DDCD8B /* LoginViewController.swift in Sources */ = {isa = PBXBuildFile; fileRef = EA5636B42A99412400DDCD8B /* LoginViewController.swift */; };
		EA5636B72A99412400DDCD8B /* LoginViewController.xib in Resources */ = {isa = PBXBuildFile; fileRef = EA5636B52A99412400DDCD8B /* LoginViewController.xib */; };
/* End PBXBuildFile section */

/* Begin PBXFileReference section */
		EA3C0B072A9A4D7C00822C9A /* GalleryViewController.swift */ = {isa = PBXFileReference; lastKnownFileType = sourcecode.swift; path = GalleryViewController.swift; sourceTree = "<group>"; };
		EA3C0B082A9A4D7C00822C9A /* GalleryViewController.xib */ = {isa = PBXFileReference; lastKnownFileType = file.xib; path = GalleryViewController.xib; sourceTree = "<group>"; };
		EA3C0B2B2A9AAF9400822C9A /* CollectionViewCell.swift */ = {isa = PBXFileReference; lastKnownFileType = sourcecode.swift; path = CollectionViewCell.swift; sourceTree = "<group>"; };
		EA3C0B2C2A9AAF9400822C9A /* CollectionViewCell.xib */ = {isa = PBXFileReference; lastKnownFileType = file.xib; path = CollectionViewCell.xib; sourceTree = "<group>"; };
		EA5636942A99363E00DDCD8B /* Gallery.app */ = {isa = PBXFileReference; explicitFileType = wrapper.application; includeInIndex = 0; path = Gallery.app; sourceTree = BUILT_PRODUCTS_DIR; };
		EA5636972A99363E00DDCD8B /* AppDelegate.swift */ = {isa = PBXFileReference; lastKnownFileType = sourcecode.swift; path = AppDelegate.swift; sourceTree = "<group>"; };
		EA5636992A99363E00DDCD8B /* SceneDelegate.swift */ = {isa = PBXFileReference; lastKnownFileType = sourcecode.swift; path = SceneDelegate.swift; sourceTree = "<group>"; };
		EA56369B2A99363E00DDCD8B /* SplashViewController.swift */ = {isa = PBXFileReference; lastKnownFileType = sourcecode.swift; path = SplashViewController.swift; sourceTree = "<group>"; };
		EA56369E2A99363E00DDCD8B /* Base */ = {isa = PBXFileReference; lastKnownFileType = file.storyboard; name = Base; path = Base.lproj/Main.storyboard; sourceTree = "<group>"; };
		EA5636A02A99364000DDCD8B /* Assets.xcassets */ = {isa = PBXFileReference; lastKnownFileType = folder.assetcatalog; path = Assets.xcassets; sourceTree = "<group>"; };
		EA5636A32A99364000DDCD8B /* Base */ = {isa = PBXFileReference; lastKnownFileType = file.storyboard; name = Base; path = Base.lproj/LaunchScreen.storyboard; sourceTree = "<group>"; };
		EA5636A52A99364000DDCD8B /* Info.plist */ = {isa = PBXFileReference; lastKnownFileType = text.plist.xml; path = Info.plist; sourceTree = "<group>"; };
		EA5636B02A993B7400DDCD8B /* imageGallery.json */ = {isa = PBXFileReference; fileEncoding = 4; lastKnownFileType = text.json; path = imageGallery.json; sourceTree = "<group>"; };
		EA5636B42A99412400DDCD8B /* LoginViewController.swift */ = {isa = PBXFileReference; lastKnownFileType = sourcecode.swift; path = LoginViewController.swift; sourceTree = "<group>"; };
		EA5636B52A99412400DDCD8B /* LoginViewController.xib */ = {isa = PBXFileReference; lastKnownFileType = file.xib; path = LoginViewController.xib; sourceTree = "<group>"; };
/* End PBXFileReference section */

/* Begin PBXFrameworksBuildPhase section */
		EA5636912A99363E00DDCD8B /* Frameworks */ = {
			isa = PBXFrameworksBuildPhase;
			buildActionMask = 2147483647;
			files = (
				EA5636AF2A9937E700DDCD8B /* Lottie in Frameworks */,
			);
			runOnlyForDeploymentPostprocessing = 0;
		};
/* End PBXFrameworksBuildPhase section */

/* Begin PBXGroup section */
		EA56368B2A99363E00DDCD8B = {
			isa = PBXGroup;
			children = (
				EA5636962A99363E00DDCD8B /* Gallery */,
				EA5636952A99363E00DDCD8B /* Products */,
			);
			sourceTree = "<group>";
		};
		EA5636952A99363E00DDCD8B /* Products */ = {
			isa = PBXGroup;
			children = (
				EA5636942A99363E00DDCD8B /* Gallery.app */,
			);
			name = Products;
			sourceTree = "<group>";
		};
		EA5636962A99363E00DDCD8B /* Gallery */ = {
			isa = PBXGroup;
			children = (
				EA5636972A99363E00DDCD8B /* AppDelegate.swift */,
				EA5636992A99363E00DDCD8B /* SceneDelegate.swift */,
				EA5636B92A9952B000DDCD8B /* Services */,
				EA5636B82A99414900DDCD8B /* Controllers */,
				EA5636B22A99401E00DDCD8B /* Views */,
				EA5636B32A99404200DDCD8B /* Resources */,
				EA5636A52A99364000DDCD8B /* Info.plist */,
			);
			path = Gallery;
			sourceTree = "<group>";
		};
		EA5636B22A99401E00DDCD8B /* Views */ = {
			isa = PBXGroup;
			children = (
				EA5636A22A99364000DDCD8B /* LaunchScreen.storyboard */,
				EA56369D2A99363E00DDCD8B /* Main.storyboard */,
				EA5636B52A99412400DDCD8B /* LoginViewController.xib */,
				EA3C0B082A9A4D7C00822C9A /* GalleryViewController.xib */,
				EA3C0B2C2A9AAF9400822C9A /* CollectionViewCell.xib */,
			);
			path = Views;
			sourceTree = "<group>";
		};
		EA5636B32A99404200DDCD8B /* Resources */ = {
			isa = PBXGroup;
			children = (
				EA5636A02A99364000DDCD8B /* Assets.xcassets */,
				EA5636B02A993B7400DDCD8B /* imageGallery.json */,
			);
			path = Resources;
			sourceTree = "<group>";
		};
		EA5636B82A99414900DDCD8B /* Controllers */ = {
			isa = PBXGroup;
			children = (
				EA56369B2A99363E00DDCD8B /* SplashViewController.swift */,
				EA5636B42A99412400DDCD8B /* LoginViewController.swift */,
				EA3C0B072A9A4D7C00822C9A /* GalleryViewController.swift */,
				EA3C0B2B2A9AAF9400822C9A /* CollectionViewCell.swift */,
			);
			path = Controllers;
			sourceTree = "<group>";
		};
		EA5636B92A9952B000DDCD8B /* Services */ = {
			isa = PBXGroup;
			children = (
			);
			path = Services;
			sourceTree = "<group>";
		};
/* End PBXGroup section */

/* Begin PBXNativeTarget section */
		EA5636932A99363E00DDCD8B /* Gallery */ = {
			isa = PBXNativeTarget;
			buildConfigurationList = EA5636A82A99364000DDCD8B /* Build configuration list for PBXNativeTarget "Gallery" */;
			buildPhases = (
				EA5636902A99363E00DDCD8B /* Sources */,
				EA5636912A99363E00DDCD8B /* Frameworks */,
				EA5636922A99363E00DDCD8B /* Resources */,
			);
			buildRules = (
			);
			dependencies = (
			);
			name = Gallery;
			packageProductDependencies = (
				EA5636AE2A9937E600DDCD8B /* Lottie */,
			);
			productName = Gallery;
			productReference = EA5636942A99363E00DDCD8B /* Gallery.app */;
			productType = "com.apple.product-type.application";
		};
/* End PBXNativeTarget section */

/* Begin PBXProject section */
		EA56368C2A99363E00DDCD8B /* Project object */ = {
			isa = PBXProject;
			attributes = {
				BuildIndependentTargetsInParallel = 1;
				LastSwiftUpdateCheck = 1430;
				LastUpgradeCheck = 1430;
				TargetAttributes = {
					EA5636932A99363E00DDCD8B = {
						CreatedOnToolsVersion = 14.3.1;
					};
				};
			};
			buildConfigurationList = EA56368F2A99363E00DDCD8B /* Build configuration list for PBXProject "Gallery" */;
			compatibilityVersion = "Xcode 14.0";
			developmentRegion = en;
			hasScannedForEncodings = 0;
			knownRegions = (
				en,
				Base,
			);
			mainGroup = EA56368B2A99363E00DDCD8B;
			packageReferences = (
				EA5636AD2A9937E600DDCD8B /* XCRemoteSwiftPackageReference "lottie-ios" */,
			);
			productRefGroup = EA5636952A99363E00DDCD8B /* Products */;
			projectDirPath = "";
			projectRoot = "";
			targets = (
				EA5636932A99363E00DDCD8B /* Gallery */,
			);
		};
/* End PBXProject section */

/* Begin PBXResourcesBuildPhase section */
		EA5636922A99363E00DDCD8B /* Resources */ = {
			isa = PBXResourcesBuildPhase;
			buildActionMask = 2147483647;
			files = (
				EA5636B72A99412400DDCD8B /* LoginViewController.xib in Resources */,
				EA3C0B2E2A9AAF9400822C9A /* CollectionViewCell.xib in Resources */,
				EA3C0B0A2A9A4D7C00822C9A /* GalleryViewController.xib in Resources */,
				EA5636A42A99364000DDCD8B /* LaunchScreen.storyboard in Resources */,
				EA5636A12A99364000DDCD8B /* Assets.xcassets in Resources */,
				EA56369F2A99363E00DDCD8B /* Main.storyboard in Resources */,
				EA5636B12A993B7400DDCD8B /* imageGallery.json in Resources */,
			);
			runOnlyForDeploymentPostprocessing = 0;
		};
/* End PBXResourcesBuildPhase section */

/* Begin PBXSourcesBuildPhase section */
		EA5636902A99363E00DDCD8B /* Sources */ = {
			isa = PBXSourcesBuildPhase;
			buildActionMask = 2147483647;
			files = (
				EA5636B62A99412400DDCD8B /* LoginViewController.swift in Sources */,
				EA56369C2A99363E00DDCD8B /* SplashViewController.swift in Sources */,
				EA3C0B2D2A9AAF9400822C9A /* CollectionViewCell.swift in Sources */,
				EA3C0B092A9A4D7C00822C9A /* GalleryViewController.swift in Sources */,
				EA5636982A99363E00DDCD8B /* AppDelegate.swift in Sources */,
				EA56369A2A99363E00DDCD8B /* SceneDelegate.swift in Sources */,
			);
			runOnlyForDeploymentPostprocessing = 0;
		};
/* End PBXSourcesBuildPhase section */

/* Begin PBXVariantGroup section */
		EA56369D2A99363E00DDCD8B /* Main.storyboard */ = {
			isa = PBXVariantGroup;
			children = (
				EA56369E2A99363E00DDCD8B /* Base */,
			);
			name = Main.storyboard;
			sourceTree = "<group>";
		};
		EA5636A22A99364000DDCD8B /* LaunchScreen.storyboard */ = {
			isa = PBXVariantGroup;
			children = (
				EA5636A32A99364000DDCD8B /* Base */,
			);
			name = LaunchScreen.storyboard;
			sourceTree = "<group>";
		};
/* End PBXVariantGroup section */

/* Begin XCBuildConfiguration section */
		EA5636A62A99364000DDCD8B /* Debug */ = {
			isa = XCBuildConfiguration;
			buildSettings = {
				ALWAYS_SEARCH_USER_PATHS = NO;
				CLANG_ANALYZER_NONNULL = YES;
				CLANG_ANALYZER_NUMBER_OBJECT_CONVERSION = YES_AGGRESSIVE;
				CLANG_CXX_LANGUAGE_STANDARD = "gnu++20";
				CLANG_ENABLE_MODULES = YES;
				CLANG_ENABLE_OBJC_ARC = YES;
				CLANG_ENABLE_OBJC_WEAK = YES;
				CLANG_WARN_BLOCK_CAPTURE_AUTORELEASING = YES;
				CLANG_WARN_BOOL_CONVERSION = YES;
				CLANG_WARN_COMMA = YES;
				CLANG_WARN_CONSTANT_CONVERSION = YES;
				CLANG_WARN_DEPRECATED_OBJC_IMPLEMENTATIONS = YES;
				CLANG_WARN_DIRECT_OBJC_ISA_USAGE = YES_ERROR;
				CLANG_WARN_DOCUMENTATION_COMMENTS = YES;
				CLANG_WARN_EMPTY_BODY = YES;
				CLANG_WARN_ENUM_CONVERSION = YES;
				CLANG_WARN_INFINITE_RECURSION = YES;
				CLANG_WARN_INT_CONVERSION = YES;
				CLANG_WARN_NON_LITERAL_NULL_CONVERSION = YES;
				CLANG_WARN_OBJC_IMPLICIT_RETAIN_SELF = YES;
				CLANG_WARN_OBJC_LITERAL_CONVERSION = YES;
				CLANG_WARN_OBJC_ROOT_CLASS = YES_ERROR;
				CLANG_WARN_QUOTED_INCLUDE_IN_FRAMEWORK_HEADER = YES;
				CLANG_WARN_RANGE_LOOP_ANALYSIS = YES;
				CLANG_WARN_STRICT_PROTOTYPES = YES;
				CLANG_WARN_SUSPICIOUS_MOVE = YES;
				CLANG_WARN_UNGUARDED_AVAILABILITY = YES_AGGRESSIVE;
				CLANG_WARN_UNREACHABLE_CODE = YES;
				CLANG_WARN__DUPLICATE_METHOD_MATCH = YES;
				COPY_PHASE_STRIP = NO;
				DEBUG_INFORMATION_FORMAT = dwarf;
				ENABLE_STRICT_OBJC_MSGSEND = YES;
				ENABLE_TESTABILITY = YES;
				GCC_C_LANGUAGE_STANDARD = gnu11;
				GCC_DYNAMIC_NO_PIC = NO;
				GCC_NO_COMMON_BLOCKS = YES;
				GCC_OPTIMIZATION_LEVEL = 0;
				GCC_PREPROCESSOR_DEFINITIONS = (
					"DEBUG=1",
					"$(inherited)",
				);
				GCC_WARN_64_TO_32_BIT_CONVERSION = YES;
				GCC_WARN_ABOUT_RETURN_TYPE = YES_ERROR;
				GCC_WARN_UNDECLARED_SELECTOR = YES;
				GCC_WARN_UNINITIALIZED_AUTOS = YES_AGGRESSIVE;
				GCC_WARN_UNUSED_FUNCTION = YES;
				GCC_WARN_UNUSED_VARIABLE = YES;
				IPHONEOS_DEPLOYMENT_TARGET = 16.4;
				MTL_ENABLE_DEBUG_INFO = INCLUDE_SOURCE;
				MTL_FAST_MATH = YES;
				ONLY_ACTIVE_ARCH = YES;
				SDKROOT = iphoneos;
				SWIFT_ACTIVE_COMPILATION_CONDITIONS = DEBUG;
				SWIFT_OPTIMIZATION_LEVEL = "-Onone";
			};
			name = Debug;
		};
		EA5636A72A99364000DDCD8B /* Release */ = {
			isa = XCBuildConfiguration;
			buildSettings = {
				ALWAYS_SEARCH_USER_PATHS = NO;
				CLANG_ANALYZER_NONNULL = YES;
				CLANG_ANALYZER_NUMBER_OBJECT_CONVERSION = YES_AGGRESSIVE;
				CLANG_CXX_LANGUAGE_STANDARD = "gnu++20";
				CLANG_ENABLE_MODULES = YES;
				CLANG_ENABLE_OBJC_ARC = YES;
				CLANG_ENABLE_OBJC_WEAK = YES;
				CLANG_WARN_BLOCK_CAPTURE_AUTORELEASING = YES;
				CLANG_WARN_BOOL_CONVERSION = YES;
				CLANG_WARN_COMMA = YES;
				CLANG_WARN_CONSTANT_CONVERSION = YES;
				CLANG_WARN_DEPRECATED_OBJC_IMPLEMENTATIONS = YES;
				CLANG_WARN_DIRECT_OBJC_ISA_USAGE = YES_ERROR;
				CLANG_WARN_DOCUMENTATION_COMMENTS = YES;
				CLANG_WARN_EMPTY_BODY = YES;
				CLANG_WARN_ENUM_CONVERSION = YES;
				CLANG_WARN_INFINITE_RECURSION = YES;
				CLANG_WARN_INT_CONVERSION = YES;
				CLANG_WARN_NON_LITERAL_NULL_CONVERSION = YES;
				CLANG_WARN_OBJC_IMPLICIT_RETAIN_SELF = YES;
				CLANG_WARN_OBJC_LITERAL_CONVERSION = YES;
				CLANG_WARN_OBJC_ROOT_CLASS = YES_ERROR;
				CLANG_WARN_QUOTED_INCLUDE_IN_FRAMEWORK_HEADER = YES;
				CLANG_WARN_RANGE_LOOP_ANALYSIS = YES;
				CLANG_WARN_STRICT_PROTOTYPES = YES;
				CLANG_WARN_SUSPICIOUS_MOVE = YES;
				CLANG_WARN_UNGUARDED_AVAILABILITY = YES_AGGRESSIVE;
				CLANG_WARN_UNREACHABLE_CODE = YES;
				CLANG_WARN__DUPLICATE_METHOD_MATCH = YES;
				COPY_PHASE_STRIP = NO;
				DEBUG_INFORMATION_FORMAT = "dwarf-with-dsym";
				ENABLE_NS_ASSERTIONS = NO;
				ENABLE_STRICT_OBJC_MSGSEND = YES;
				GCC_C_LANGUAGE_STANDARD = gnu11;
				GCC_NO_COMMON_BLOCKS = YES;
				GCC_WARN_64_TO_32_BIT_CONVERSION = YES;
				GCC_WARN_ABOUT_RETURN_TYPE = YES_ERROR;
				GCC_WARN_UNDECLARED_SELECTOR = YES;
				GCC_WARN_UNINITIALIZED_AUTOS = YES_AGGRESSIVE;
				GCC_WARN_UNUSED_FUNCTION = YES;
				GCC_WARN_UNUSED_VARIABLE = YES;
				IPHONEOS_DEPLOYMENT_TARGET = 16.4;
				MTL_ENABLE_DEBUG_INFO = NO;
				MTL_FAST_MATH = YES;
				SDKROOT = iphoneos;
				SWIFT_COMPILATION_MODE = wholemodule;
				SWIFT_OPTIMIZATION_LEVEL = "-O";
				VALIDATE_PRODUCT = YES;
			};
			name = Release;
		};
		EA5636A92A99364000DDCD8B /* Debug */ = {
			isa = XCBuildConfiguration;
			buildSettings = {
				ASSETCATALOG_COMPILER_APPICON_NAME = AppIcon;
				ASSETCATALOG_COMPILER_GLOBAL_ACCENT_COLOR_NAME = AccentColor;
				CODE_SIGN_STYLE = Automatic;
				CURRENT_PROJECT_VERSION = 1;
				DEVELOPMENT_TEAM = 3QBZ3X93DR;
				GENERATE_INFOPLIST_FILE = YES;
				INFOPLIST_FILE = Gallery/Info.plist;
				INFOPLIST_KEY_UIApplicationSupportsIndirectInputEvents = YES;
				INFOPLIST_KEY_UILaunchStoryboardName = LaunchScreen;
				INFOPLIST_KEY_UIMainStoryboardFile = Main;
				INFOPLIST_KEY_UISupportedInterfaceOrientations_iPad = "UIInterfaceOrientationPortrait UIInterfaceOrientationPortraitUpsideDown UIInterfaceOrientationLandscapeLeft UIInterfaceOrientationLandscapeRight";
				INFOPLIST_KEY_UISupportedInterfaceOrientations_iPhone = "UIInterfaceOrientationPortrait UIInterfaceOrientationLandscapeLeft UIInterfaceOrientationLandscapeRight";
				LD_RUNPATH_SEARCH_PATHS = (
					"$(inherited)",
					"@executable_path/Frameworks",
				);
				MARKETING_VERSION = 1.0;
				PRODUCT_BUNDLE_IDENTIFIER = com.valentyna.Gallery;
				PRODUCT_NAME = "$(TARGET_NAME)";
				SWIFT_EMIT_LOC_STRINGS = YES;
				SWIFT_VERSION = 5.0;
				TARGETED_DEVICE_FAMILY = "1,2";
			};
			name = Debug;
		};
		EA5636AA2A99364000DDCD8B /* Release */ = {
			isa = XCBuildConfiguration;
			buildSettings = {
				ASSETCATALOG_COMPILER_APPICON_NAME = AppIcon;
				ASSETCATALOG_COMPILER_GLOBAL_ACCENT_COLOR_NAME = AccentColor;
				CODE_SIGN_STYLE = Automatic;
				CURRENT_PROJECT_VERSION = 1;
				DEVELOPMENT_TEAM = 3QBZ3X93DR;
				GENERATE_INFOPLIST_FILE = YES;
				INFOPLIST_FILE = Gallery/Info.plist;
				INFOPLIST_KEY_UIApplicationSupportsIndirectInputEvents = YES;
				INFOPLIST_KEY_UILaunchStoryboardName = LaunchScreen;
				INFOPLIST_KEY_UIMainStoryboardFile = Main;
				INFOPLIST_KEY_UISupportedInterfaceOrientations_iPad = "UIInterfaceOrientationPortrait UIInterfaceOrientationPortraitUpsideDown UIInterfaceOrientationLandscapeLeft UIInterfaceOrientationLandscapeRight";
				INFOPLIST_KEY_UISupportedInterfaceOrientations_iPhone = "UIInterfaceOrientationPortrait UIInterfaceOrientationLandscapeLeft UIInterfaceOrientationLandscapeRight";
				LD_RUNPATH_SEARCH_PATHS = (
					"$(inherited)",
					"@executable_path/Frameworks",
				);
				MARKETING_VERSION = 1.0;
				PRODUCT_BUNDLE_IDENTIFIER = com.valentyna.Gallery;
				PRODUCT_NAME = "$(TARGET_NAME)";
				SWIFT_EMIT_LOC_STRINGS = YES;
				SWIFT_VERSION = 5.0;
				TARGETED_DEVICE_FAMILY = "1,2";
			};
			name = Release;
		};
/* End XCBuildConfiguration section */

/* Begin XCConfigurationList section */
		EA56368F2A99363E00DDCD8B /* Build configuration list for PBXProject "Gallery" */ = {
			isa = XCConfigurationList;
			buildConfigurations = (
				EA5636A62A99364000DDCD8B /* Debug */,
				EA5636A72A99364000DDCD8B /* Release */,
			);
			defaultConfigurationIsVisible = 0;
			defaultConfigurationName = Release;
		};
		EA5636A82A99364000DDCD8B /* Build configuration list for PBXNativeTarget "Gallery" */ = {
			isa = XCConfigurationList;
			buildConfigurations = (
				EA5636A92A99364000DDCD8B /* Debug */,
				EA5636AA2A99364000DDCD8B /* Release */,
			);
			defaultConfigurationIsVisible = 0;
			defaultConfigurationName = Release;
		};
/* End XCConfigurationList section */

/* Begin XCRemoteSwiftPackageReference section */
		EA5636AD2A9937E600DDCD8B /* XCRemoteSwiftPackageReference "lottie-ios" */ = {
			isa = XCRemoteSwiftPackageReference;
			repositoryURL = "https://github.com/airbnb/lottie-ios.git";
			requirement = {
				kind = upToNextMajorVersion;
				minimumVersion = 4.0.0;
			};
		};
/* End XCRemoteSwiftPackageReference section */

/* Begin XCSwiftPackageProductDependency section */
		EA5636AE2A9937E600DDCD8B /* Lottie */ = {
			isa = XCSwiftPackageProductDependency;
			package = EA5636AD2A9937E600DDCD8B /* XCRemoteSwiftPackageReference "lottie-ios" */;
			productName = Lottie;
		};
/* End XCSwiftPackageProductDependency section */
	};
	rootObject = EA56368C2A99363E00DDCD8B /* Project object */;
}
